
Microsoft Visual Studio Solution File, Format Version 12.00
# Visual Studio Version 17
VisualStudioVersion = 17.6.33815.320
MinimumVisualStudioVersion = 10.0.40219.1
Project("{FAE04EC0-301F-11D3-BF4B-00C04F79EFBC}") = "PhoneBook", "PhoneBook\PhoneBook.csproj", "{94E5363F-B9BE-478D-9A7B-0562B656C6F6}"
EndProject
Global
	GlobalSection(SolutionConfigurationPlatforms) = preSolution
		Debug|Any CPU = Debug|Any CPU
		Release|Any CPU = Release|Any CPU
	EndGlobalSection
	GlobalSection(ProjectConfigurationPlatforms) = postSolution
		{94E5363F-B9BE-478D-9A7B-0562B656C6F6}.Debug|Any CPU.ActiveCfg = Debug|Any CPU
		{94E5363F-B9BE-478D-9A7B-0562B656C6F6}.Debug|Any CPU.Build.0 = Debug|Any CPU
		{94E5363F-B9BE-478D-9A7B-0562B656C6F6}.Release|Any CPU.ActiveCfg = Release|Any CPU
		{94E5363F-B9BE-478D-9A7B-0562B656C6F6}.Release|Any CPU.Build.0 = Release|Any CPU
	EndGlobalSection
	GlobalSection(SolutionProperties) = preSolution
		HideSolutionNode = FALSE
	EndGlobalSection
	GlobalSection(ExtensibilityGlobals) = postSolution
		SolutionGuid = {4B592D23-6B70-4A81-A3E8-910EACC2FF4A}
	EndGlobalSection
EndGlobal
